
Microsoft Visual Studio Solution File, Format Version 12.00
# Visual Studio 15
VisualStudioVersion = 15.0.28010.2016
MinimumVisualStudioVersion = 10.0.40219.1
Project("{FAE04EC0-301F-11D3-BF4B-00C04F79EFBC}") = "DotNetCoreRestAPI", "DotNetCoreRestAPI\DotNetCoreRestAPI.csproj", "{0D4ABB86-C78D-4C0E-8045-BA8072F4E169}"
EndProject
Project("{9A19103F-16F7-4668-BE54-9A1E7A4F7556}") = "Entities", "Entities\Entities.csproj", "{18A81E66-177B-478B-A50F-91DCF3E34FEB}"
EndProject
Global
	GlobalSection(SolutionConfigurationPlatforms) = preSolution
		Debug|Any CPU = Debug|Any CPU
		Release|Any CPU = Release|Any CPU
	EndGlobalSection
	GlobalSection(ProjectConfigurationPlatforms) = postSolution
		{0D4ABB86-C78D-4C0E-8045-BA8072F4E169}.Debug|Any CPU.ActiveCfg = Debug|Any CPU
		{0D4ABB86-C78D-4C0E-8045-BA8072F4E169}.Debug|Any CPU.Build.0 = Debug|Any CPU
		{0D4ABB86-C78D-4C0E-8045-BA8072F4E169}.Release|Any CPU.ActiveCfg = Release|Any CPU
		{0D4ABB86-C78D-4C0E-8045-BA8072F4E169}.Release|Any CPU.Build.0 = Release|Any CPU
		{18A81E66-177B-478B-A50F-91DCF3E34FEB}.Debug|Any CPU.ActiveCfg = Debug|Any CPU
		{18A81E66-177B-478B-A50F-91DCF3E34FEB}.Debug|Any CPU.Build.0 = Debug|Any CPU
		{18A81E66-177B-478B-A50F-91DCF3E34FEB}.Release|Any CPU.ActiveCfg = Release|Any CPU
		{18A81E66-177B-478B-A50F-91DCF3E34FEB}.Release|Any CPU.Build.0 = Release|Any CPU
	EndGlobalSection
	GlobalSection(SolutionProperties) = preSolution
		HideSolutionNode = FALSE
	EndGlobalSection
	GlobalSection(ExtensibilityGlobals) = postSolution
		SolutionGuid = {2E984A59-7540-4C35-85A6-1FDA29BFAE8D}
	EndGlobalSection
EndGlobal
